
Microsoft Visual Studio Solution File, Format Version 12.00
# Visual Studio 2013
VisualStudioVersion = 12.0.30110.0
MinimumVisualStudioVersion = 10.0.40219.1
Project("{FAE04EC0-301F-11D3-BF4B-00C04F79EFBC}") = "NetInject", "NetInject\NetInject.csproj", "{020D1420-BAA5-4948-A7EB-14040B4EA249}"
EndProject
Global
	GlobalSection(TeamFoundationVersionControl) = preSolution
		SccNumberOfProjects = 2
		SccEnterpriseProvider = {4CA58AB2-18FA-4F8D-95D4-32DDF27D184C}
		SccTeamFoundationServer = https://grey.visualstudio.com/defaultcollection
		SccLocalPath0 = .
		SccProjectUniqueName1 = NetInject\\NetInject.csproj
		SccProjectName1 = NetInject
		SccLocalPath1 = NetInject
	EndGlobalSection
	GlobalSection(SolutionConfigurationPlatforms) = preSolution
		Debug|Any CPU = Debug|Any CPU
		Debug|x64 = Debug|x64
		Debug|x86 = Debug|x86
		Release|Any CPU = Release|Any CPU
		Release|x64 = Release|x64
		Release|x86 = Release|x86
	EndGlobalSection
	GlobalSection(ProjectConfigurationPlatforms) = postSolution
		{020D1420-BAA5-4948-A7EB-14040B4EA249}.Debug|Any CPU.ActiveCfg = Debug|Any CPU
		{020D1420-BAA5-4948-A7EB-14040B4EA249}.Debug|Any CPU.Build.0 = Debug|Any CPU
		{020D1420-BAA5-4948-A7EB-14040B4EA249}.Debug|x64.ActiveCfg = Debug|x64
		{020D1420-BAA5-4948-A7EB-14040B4EA249}.Debug|x64.Build.0 = Debug|x64
		{020D1420-BAA5-4948-A7EB-14040B4EA249}.Debug|x86.ActiveCfg = Debug|Any CPU
		{020D1420-BAA5-4948-A7EB-14040B4EA249}.Debug|x86.Build.0 = Debug|Any CPU
		{020D1420-BAA5-4948-A7EB-14040B4EA249}.Release|Any CPU.ActiveCfg = Release|Any CPU
		{020D1420-BAA5-4948-A7EB-14040B4EA249}.Release|Any CPU.Build.0 = Release|Any CPU
		{020D1420-BAA5-4948-A7EB-14040B4EA249}.Release|x64.ActiveCfg = Release|Any CPU
		{020D1420-BAA5-4948-A7EB-14040B4EA249}.Release|x64.Build.0 = Release|Any CPU
		{020D1420-BAA5-4948-A7EB-14040B4EA249}.Release|x86.ActiveCfg = Release|x86
		{020D1420-BAA5-4948-A7EB-14040B4EA249}.Release|x86.Build.0 = Release|x86
	EndGlobalSection
	GlobalSection(SolutionProperties) = preSolution
		HideSolutionNode = FALSE
	EndGlobalSection
EndGlobal
